
Microsoft Visual Studio Solution File, Format Version 12.00
# Visual Studio Version 17
VisualStudioVersion = 17.14.36518.9 d17.14
MinimumVisualStudioVersion = 10.0.40219.1
Project("{D2ABAB84-BF74-430A-B69E-9DC6D40DDA17}") = "Steam_Analysis_v2", "Steam_Analysis_v2.dwproj", "{07C38AE5-966C-A2A8-55E3-1B461D388CD3}"
EndProject
Global
	GlobalSection(SolutionConfigurationPlatforms) = preSolution
		Development|Default = Development|Default
	EndGlobalSection
	GlobalSection(ProjectConfigurationPlatforms) = postSolution
		{07C38AE5-966C-A2A8-55E3-1B461D388CD3}.Development|Default.ActiveCfg = Development
		{07C38AE5-966C-A2A8-55E3-1B461D388CD3}.Development|Default.Build.0 = Development
		{07C38AE5-966C-A2A8-55E3-1B461D388CD3}.Development|Default.Deploy.0 = Development
	EndGlobalSection
	GlobalSection(SolutionProperties) = preSolution
		HideSolutionNode = FALSE
	EndGlobalSection
	GlobalSection(ExtensibilityGlobals) = postSolution
		SolutionGuid = {05655B1E-81CA-4348-8606-87E6EBA1C52C}
	EndGlobalSection
EndGlobal
